<?xml version="1.0" encoding="utf-8"?>
<Project ToolsVersion="4.0" xmlns="http://schemas.microsoft.com/developer/msbuild/2003">
  <ItemGroup>
    <Filter Include="源文件">
      <UniqueIdentifier>{4FC737F1-C7A5-4376-A066-2A32D752A2FF}</UniqueIdentifier>
      <Extensions>cpp;c;cc;cxx;c++;cppm;ixx;def;odl;idl;hpj;bat;asm;asmx</Extensions>
    </Filter>
    <Filter Include="头文件">
      <UniqueIdentifier>{93995380-89BD-4b04-88EB-625FBE52EBFB}</UniqueIdentifier>
      <Extensions>h;hh;hpp;hxx;h++;hm;inl;inc;ipp;xsd</Extensions>
    </Filter>
    <Filter Include="资源文件">
      <UniqueIdentifier>{67DA6AB6-F800-4c08-8B7A-83BB121AAD01}</UniqueIdentifier>
      <Extensions>rc;ico;cur;bmp;dlg;rc2;rct;bin;rgs;gif;jpg;jpeg;jpe;resx;tiff;tif;png;wav;mfcribbon-ms</Extensions>
    </Filter>
  </ItemGroup>
  <ItemGroup>
    <ClInclude Include="Viewer.h">
      <Filter>头文件</Filter>
    </ClInclude>
    <ClInclude Include="Shader.h">
      <Filter>头文件</Filter>
    </ClInclude>
    <ClInclude Include="Simulation2D.h">
      <Filter>头文件</Filter>
    </ClInclude>
    <ClInclude Include="Boundary.h">
      <Filter>头文件</Filter>
    </ClInclude>
    <ClInclude Include="models.h">
      <Filter>头文件</Filter>
    </ClInclude>
    <ClInclude Include="BackgroundGrid.h">
      <Filter>头文件</Filter>
    </ClInclude>
    <ClInclude Include="Utils.h">
      <Filter>头文件</Filter>
    </ClInclude>
    <ClInclude Include="CGALMeshGenerator.h">
      <Filter>头文件</Filter>
    </ClInclude>
    <ClInclude Include="Qmorph.h">
      <Filter>头文件</Filter>
    </ClInclude>
  </ItemGroup>
  <ItemGroup>
    <ClCompile Include="Viewer.cpp">
      <Filter>源文件</Filter>
    </ClCompile>
    <ClCompile Include="main.cpp">
      <Filter>源文件</Filter>
    </ClCompile>
    <ClCompile Include="Simulation2D.cpp">
      <Filter>源文件</Filter>
    </ClCompile>
    <ClCompile Include="Boundary.cpp">
      <Filter>源文件</Filter>
    </ClCompile>
    <ClCompile Include="BackgroundGrid.cpp">
      <Filter>源文件</Filter>
    </ClCompile>
    <ClCompile Include="CGALMeshGenerator.cpp">
      <Filter>源文件</Filter>
    </ClCompile>
    <ClCompile Include="Qmorph.cpp">
      <Filter>源文件</Filter>
    </ClCompile>
  </ItemGroup>
  <ItemGroup>
    <None Include="shaders\line.frag">
      <Filter>资源文件</Filter>
    </None>
    <None Include="shaders\line.vert">
      <Filter>资源文件</Filter>
    </None>
    <None Include="shaders\point.frag">
      <Filter>资源文件</Filter>
    </None>
    <None Include="shaders\point.vert">
      <Filter>资源文件</Filter>
    </None>
    <None Include="shaders\point3d.frag">
      <Filter>资源文件</Filter>
    </None>
    <None Include="shaders\point3d.vert">
      <Filter>资源文件</Filter>
    </None>
    <None Include="shaders\simple.frag">
      <Filter>资源文件</Filter>
    </None>
    <None Include="shaders\simple.vert">
      <Filter>资源文件</Filter>
    </None>
    <None Include="shaders\size_field.frag">
      <Filter>资源文件</Filter>
    </None>
    <None Include="shaders\size_field.vert">
      <Filter>资源文件</Filter>
    </None>
  </ItemGroup>
</Project>